
Microsoft Visual Studio Solution File, Format Version 12.00
# Visual Studio Version 17
VisualStudioVersion = 17.0.31903.59
MinimumVisualStudioVersion = 10.0.40219.1
Project("{FAE04EC0-301F-11D3-BF4B-00C04F79EFBC}") = "QueueGroupDemo.Common", "QueueGroupDemo.Common\QueueGroupDemo.Common.csproj", "{D9A2A12E-504C-43D9-A275-8C24FBF41C5A}"
EndProject
Project("{FAE04EC0-301F-11D3-BF4B-00C04F79EFBC}") = "QueueGroupDemo.Publisher", "QueueGroupDemo.Publisher\QueueGroupDemo.Publisher.csproj", "{EF6972CE-A51B-4A6A-AFB0-56D1C37599E6}"
EndProject
Project("{FAE04EC0-301F-11D3-BF4B-00C04F79EFBC}") = "QueueGroupDemo.Consumers", "QueueGroupDemo.Consumers\QueueGroupDemo.Consumers.csproj", "{C04A4866-F0B2-4008-A9F0-682C9F112B03}"
EndProject
Global
	GlobalSection(SolutionConfigurationPlatforms) = preSolution
		Debug|Any CPU = Debug|Any CPU
		Release|Any CPU = Release|Any CPU
	EndGlobalSection
	GlobalSection(SolutionProperties) = preSolution
		HideSolutionNode = FALSE
	EndGlobalSection
	GlobalSection(ProjectConfigurationPlatforms) = postSolution
		{D9A2A12E-504C-43D9-A275-8C24FBF41C5A}.Debug|Any CPU.ActiveCfg = Debug|Any CPU
		{D9A2A12E-504C-43D9-A275-8C24FBF41C5A}.Debug|Any CPU.Build.0 = Debug|Any CPU
		{D9A2A12E-504C-43D9-A275-8C24FBF41C5A}.Release|Any CPU.ActiveCfg = Release|Any CPU
		{D9A2A12E-504C-43D9-A275-8C24FBF41C5A}.Release|Any CPU.Build.0 = Release|Any CPU
		{EF6972CE-A51B-4A6A-AFB0-56D1C37599E6}.Debug|Any CPU.ActiveCfg = Debug|Any CPU
		{EF6972CE-A51B-4A6A-AFB0-56D1C37599E6}.Debug|Any CPU.Build.0 = Debug|Any CPU
		{EF6972CE-A51B-4A6A-AFB0-56D1C37599E6}.Release|Any CPU.ActiveCfg = Release|Any CPU
		{EF6972CE-A51B-4A6A-AFB0-56D1C37599E6}.Release|Any CPU.Build.0 = Release|Any CPU
		{C04A4866-F0B2-4008-A9F0-682C9F112B03}.Debug|Any CPU.ActiveCfg = Debug|Any CPU
		{C04A4866-F0B2-4008-A9F0-682C9F112B03}.Debug|Any CPU.Build.0 = Debug|Any CPU
		{C04A4866-F0B2-4008-A9F0-682C9F112B03}.Release|Any CPU.ActiveCfg = Release|Any CPU
		{C04A4866-F0B2-4008-A9F0-682C9F112B03}.Release|Any CPU.Build.0 = Release|Any CPU
	EndGlobalSection
EndGlobal
