
Microsoft Visual Studio Solution File, Format Version 12.00
# Visual Studio Version 17
VisualStudioVersion = 17.0.31903.59
MinimumVisualStudioVersion = 10.0.40219.1
Project("{FAE04EC0-301F-11D3-BF4B-00C04F79EFBC}") = "NatsIdempotentDemo.Common", "NatsIdempotentDemo.Common\NatsIdempotentDemo.Common.csproj", "{063209E8-4865-4773-B2C3-CF1852433998}"
EndProject
Project("{FAE04EC0-301F-11D3-BF4B-00C04F79EFBC}") = "NatsIdempotentDemo.Consumer", "NatsIdempotentDemo.Consumer\NatsIdempotentDemo.Consumer.csproj", "{A6774D4A-4B84-4C0F-AE4B-906317F2764B}"
EndProject
Project("{FAE04EC0-301F-11D3-BF4B-00C04F79EFBC}") = "NatsIdempotentDemo.Publisher", "NatsIdempotentDemo.Publisher\NatsIdempotentDemo.Publisher.csproj", "{3F1305ED-4B07-41B2-ADA3-82F4BA7F02A9}"
EndProject
Global
	GlobalSection(SolutionConfigurationPlatforms) = preSolution
		Debug|Any CPU = Debug|Any CPU
		Release|Any CPU = Release|Any CPU
	EndGlobalSection
	GlobalSection(SolutionProperties) = preSolution
		HideSolutionNode = FALSE
	EndGlobalSection
	GlobalSection(ProjectConfigurationPlatforms) = postSolution
		{063209E8-4865-4773-B2C3-CF1852433998}.Debug|Any CPU.ActiveCfg = Debug|Any CPU
		{063209E8-4865-4773-B2C3-CF1852433998}.Debug|Any CPU.Build.0 = Debug|Any CPU
		{063209E8-4865-4773-B2C3-CF1852433998}.Release|Any CPU.ActiveCfg = Release|Any CPU
		{063209E8-4865-4773-B2C3-CF1852433998}.Release|Any CPU.Build.0 = Release|Any CPU
		{A6774D4A-4B84-4C0F-AE4B-906317F2764B}.Debug|Any CPU.ActiveCfg = Debug|Any CPU
		{A6774D4A-4B84-4C0F-AE4B-906317F2764B}.Debug|Any CPU.Build.0 = Debug|Any CPU
		{A6774D4A-4B84-4C0F-AE4B-906317F2764B}.Release|Any CPU.ActiveCfg = Release|Any CPU
		{A6774D4A-4B84-4C0F-AE4B-906317F2764B}.Release|Any CPU.Build.0 = Release|Any CPU
		{3F1305ED-4B07-41B2-ADA3-82F4BA7F02A9}.Debug|Any CPU.ActiveCfg = Debug|Any CPU
		{3F1305ED-4B07-41B2-ADA3-82F4BA7F02A9}.Debug|Any CPU.Build.0 = Debug|Any CPU
		{3F1305ED-4B07-41B2-ADA3-82F4BA7F02A9}.Release|Any CPU.ActiveCfg = Release|Any CPU
		{3F1305ED-4B07-41B2-ADA3-82F4BA7F02A9}.Release|Any CPU.Build.0 = Release|Any CPU
	EndGlobalSection
EndGlobal
